PODS:
  - FloatingPanel (1.3.2)
  - SnapLikeCollectionView (1.1.0)

DEPENDENCIES:
  - FloatingPanel
  - SnapLikeCollectionView

SPEC REPOS:
  https://github.com/cocoapods/specs.git:
    - FloatingPanel
    - SnapLikeCollectionView

SPEC CHECKSUMS:
  FloatingPanel: a17dec0ef2b40eb614ee743de1a2529140fb2a6a
  SnapLikeCollectionView: b6f46ad57d104f94d91ce78b721afa43fd2b444b

PODFILE CHECKSUM: 4e8b3157812e792c1d53699d421996e6403b0888

COCOAPODS: 1.5.3
