// !$*UTF8*$!
{
	archiveVersion = 1;
	classes = {
	};
	objectVersion = 50;
	objects = {

/* Begin PBXBuildFile section */
		3737D0E421F30D6200014EDF /* AppDelegate.swift in Sources */ = {isa = PBXBuildFile; fileRef = 3737D0E321F30D6200014EDF /* AppDelegate.swift */; };
		3737D0E621F30D6200014EDF /* ViewController.swift in Sources */ = {isa = PBXBuildFile; fileRef = 3737D0E521F30D6200014EDF /* ViewController.swift */; };
		3737D0E921F30D6200014EDF /* Main.storyboard in Resources */ = {isa = PBXBuildFile; fileRef = 3737D0E721F30D6200014EDF /* Main.storyboard */; };
		3737D0EC21F30D6200014EDF /* Insta_Spot.xcdatamodeld in Sources */ = {isa = PBXBuildFile; fileRef = 3737D0EA21F30D6200014EDF /* Insta_Spot.xcdatamodeld */; };
		3737D0EE21F30D6300014EDF /* Assets.xcassets in Resources */ = {isa = PBXBuildFile; fileRef = 3737D0ED21F30D6300014EDF /* Assets.xcassets */; };
		3737D0F121F30D6300014EDF /* LaunchScreen.storyboard in Resources */ = {isa = PBXBuildFile; fileRef = 3737D0EF21F30D6300014EDF /* LaunchScreen.storyboard */; };
/* End PBXBuildFile section */

/* Begin PBXFileReference section */
		3737D0E021F30D6200014EDF /* Insta Spot.app */ = {isa = PBXFileReference; explicitFileType = wrapper.application; includeInIndex = 0; path = "Insta Spot.app"; sourceTree = BUILT_PRODUCTS_DIR; };
		3737D0E321F30D6200014EDF /* AppDelegate.swift */ = {isa = PBXFileReference; lastKnownFileType = sourcecode.swift; path = AppDelegate.swift; sourceTree = "<group>"; };
		3737D0E521F30D6200014EDF /* ViewController.swift */ = {isa = PBXFileReference; lastKnownFileType = sourcecode.swift; path = ViewController.swift; sourceTree = "<group>"; };
		3737D0E821F30D6200014EDF /* Base */ = {isa = PBXFileReference; lastKnownFileType = file.storyboard; name = Base; path = Base.lproj/Main.storyboard; sourceTree = "<group>"; };
		3737D0EB21F30D6200014EDF /* Insta_Spot.xcdatamodel */ = {isa = PBXFileReference; lastKnownFileType = wrapper.xcdatamodel; path = Insta_Spot.xcdatamodel; sourceTree = "<group>"; };
		3737D0ED21F30D6300014EDF /* Assets.xcassets */ = {isa = PBXFileReference; lastKnownFileType = folder.assetcatalog; path = Assets.xcassets; sourceTree = "<group>"; };
		3737D0F021F30D6300014EDF /* Base */ = {isa = PBXFileReference; lastKnownFileType = file.storyboard; name = Base; path = Base.lproj/LaunchScreen.storyboard; sourceTree = "<group>"; };
		3737D0F221F30D6300014EDF /* Info.plist */ = {isa = PBXFileReference; lastKnownFileType = text.plist.xml; path = Info.plist; sourceTree = "<group>"; };
/* End PBXFileReference section */

/* Begin PBXFrameworksBuildPhase section */
		3737D0DD21F30D6200014EDF /* Frameworks */ = {
			isa = PBXFrameworksBuildPhase;
			buildActionMask = 2147483647;
			files = (
			);
			runOnlyForDeploymentPostprocessing = 0;
		};
/* End PBXFrameworksBuildPhase section */

/* Begin PBXGroup section */
		3737D0D721F30D6200014EDF = {
			isa = PBXGroup;
			children = (
				3737D0E221F30D6200014EDF /* Insta Spot */,
				3737D0E121F30D6200014EDF /* Products */,
			);
			sourceTree = "<group>";
		};
		3737D0E121F30D6200014EDF /* Products */ = {
			isa = PBXGroup;
			children = (
				3737D0E021F30D6200014EDF /* Insta Spot.app */,
			);
			name = Products;
			sourceTree = "<group>";
		};
		3737D0E221F30D6200014EDF /* Insta Spot */ = {
			isa = PBXGroup;
			children = (
				3737D0E321F30D6200014EDF /* AppDelegate.swift */,
				3737D0E521F30D6200014EDF /* ViewController.swift */,
				3737D0E721F30D6200014EDF /* Main.storyboard */,
				3737D0ED21F30D6300014EDF /* Assets.xcassets */,
				3737D0EF21F30D6300014EDF /* LaunchScreen.storyboard */,
				3737D0F221F30D6300014EDF /* Info.plist */,
				3737D0EA21F30D6200014EDF /* Insta_Spot.xcdatamodeld */,
			);
			path = "Insta Spot";
			sourceTree = "<group>";
		};
/* End PBXGroup section */

/* Begin PBXNativeTarget section */
		3737D0DF21F30D6200014EDF /* Insta Spot */ = {
			isa = PBXNativeTarget;
			buildConfigurationList = 3737D0F521F30D6300014EDF /* Build configuration list for PBXNativeTarget "Insta Spot" */;
			buildPhases = (
				3737D0DC21F30D6200014EDF /* Sources */,
				3737D0DD21F30D6200014EDF /* Frameworks */,
				3737D0DE21F30D6200014EDF /* Resources */,
			);
			buildRules = (
			);
			dependencies = (
			);
			name = "Insta Spot";
			productName = "Insta Spot";
			productReference = 3737D0E021F30D6200014EDF /* Insta Spot.app */;
			productType = "com.apple.product-type.application";
		};
/* End PBXNativeTarget section */

/* Begin PBXProject section */
		3737D0D821F30D6200014EDF /* Project object */ = {
			isa = PBXProject;
			attributes = {
				LastSwiftUpdateCheck = 1010;
				LastUpgradeCheck = 1010;
				ORGANIZATIONNAME = "Grigorii Shevchenko";
				TargetAttributes = {
					3737D0DF21F30D6200014EDF = {
						CreatedOnToolsVersion = 10.1;
					};
				};
			};
			buildConfigurationList = 3737D0DB21F30D6200014EDF /* Build configuration list for PBXProject "Insta Spot" */;
			compatibilityVersion = "Xcode 9.3";
			developmentRegion = en;
			hasScannedForEncodings = 0;
			knownRegions = (
				en,
				Base,
			);
			mainGroup = 3737D0D721F30D6200014EDF;
			productRefGroup = 3737D0E121F30D6200014EDF /* Products */;
			projectDirPath = "";
			projectRoot = "";
			targets = (
				3737D0DF21F30D6200014EDF /* Insta Spot */,
			);
		};
/* End PBXProject section */

/* Begin PBXResourcesBuildPhase section */
		3737D0DE21F30D6200014EDF /* Resources */ = {
			isa = PBXResourcesBuildPhase;
			buildActionMask = 2147483647;
			files = (
				3737D0F121F30D6300014EDF /* LaunchScreen.storyboard in Resources */,
				3737D0EE21F30D6300014EDF /* Assets.xcassets in Resources */,
				3737D0E921F30D6200014EDF /* Main.storyboard in Resources */,
			);
			runOnlyForDeploymentPostprocessing = 0;
		};
/* End PBXResourcesBuildPhase section */

/* Begin PBXSourcesBuildPhase section */
		3737D0DC21F30D6200014EDF /* Sources */ = {
			isa = PBXSourcesBuildPhase;
			buildActionMask = 2147483647;
			files = (
				3737D0E621F30D6200014EDF /* ViewController.swift in Sources */,
				3737D0EC21F30D6200014EDF /* Insta_Spot.xcdatamodeld in Sources */,
				3737D0E421F30D6200014EDF /* AppDelegate.swift in Sources */,
			);
			runOnlyForDeploymentPostprocessing = 0;
		};
/* End PBXSourcesBuildPhase section */

/* Begin PBXVariantGroup section */
		3737D0E721F30D6200014EDF /* Main.storyboard */ = {
			isa = PBXVariantGroup;
			children = (
				3737D0E821F30D6200014EDF /* Base */,
			);
			name = Main.storyboard;
			sourceTree = "<group>";
		};
		3737D0EF21F30D6300014EDF /* LaunchScreen.storyboard */ = {
			isa = PBXVariantGroup;
			children = (
				3737D0F021F30D6300014EDF /* Base */,
			);
			name = LaunchScreen.storyboard;
			sourceTree = "<group>";
		};
/* End PBXVariantGroup section */

/* Begin XCBuildConfiguration section */
		3737D0F321F30D6300014EDF /* Debug */ = {
			isa = XCBuildConfiguration;
			buildSettings = {
				ALWAYS_SEARCH_USER_PATHS = NO;
				CLANG_ANALYZER_NONNULL = YES;
				CLANG_ANALYZER_NUMBER_OBJECT_CONVERSION = YES_AGGRESSIVE;
				CLANG_CXX_LANGUAGE_STANDARD = "gnu++14";
				CLANG_CXX_LIBRARY = "libc++";
				CLANG_ENABLE_MODULES = YES;
				CLANG_ENABLE_OBJC_ARC = YES;
				CLANG_ENABLE_OBJC_WEAK = YES;
				CLANG_WARN_BLOCK_CAPTURE_AUTORELEASING = YES;
				CLANG_WARN_BOOL_CONVERSION = YES;
				CLANG_WARN_COMMA = YES;
				CLANG_WARN_CONSTANT_CONVERSION = YES;
				CLANG_WARN_DEPRECATED_OBJC_IMPLEMENTATIONS = YES;
				CLANG_WARN_DIRECT_OBJC_ISA_USAGE = YES_ERROR;
				CLANG_WARN_DOCUMENTATION_COMMENTS = YES;
				CLANG_WARN_EMPTY_BODY = YES;
				CLANG_WARN_ENUM_CONVERSION = YES;
				CLANG_WARN_INFINITE_RECURSION = YES;
				CLANG_WARN_INT_CONVERSION = YES;
				CLANG_WARN_NON_LITERAL_NULL_CONVERSION = YES;
				CLANG_WARN_OBJC_IMPLICIT_RETAIN_SELF = YES;
				CLANG_WARN_OBJC_LITERAL_CONVERSION = YES;
				CLANG_WARN_OBJC_ROOT_CLASS = YES_ERROR;
				CLANG_WARN_RANGE_LOOP_ANALYSIS = YES;
				CLANG_WARN_STRICT_PROTOTYPES = YES;
				CLANG_WARN_SUSPICIOUS_MOVE = YES;
				CLANG_WARN_UNGUARDED_AVAILABILITY = YES_AGGRESSIVE;
				CLANG_WARN_UNREACHABLE_CODE = YES;
				CLANG_WARN__DUPLICATE_METHOD_MATCH = YES;
				CODE_SIGN_IDENTITY = "iPhone Developer";
				COPY_PHASE_STRIP = NO;
				DEBUG_INFORMATION_FORMAT = dwarf;
				ENABLE_STRICT_OBJC_MSGSEND = YES;
				ENABLE_TESTABILITY = YES;
				GCC_C_LANGUAGE_STANDARD = gnu11;
				GCC_DYNAMIC_NO_PIC = NO;
				GCC_NO_COMMON_BLOCKS = YES;
				GCC_OPTIMIZATION_LEVEL = 0;
				GCC_PREPROCESSOR_DEFINITIONS = (
					"DEBUG=1",
					"$(inherited)",
				);
				GCC_WARN_64_TO_32_BIT_CONVERSION = YES;
				GCC_WARN_ABOUT_RETURN_TYPE = YES_ERROR;
				GCC_WARN_UNDECLARED_SELECTOR = YES;
				GCC_WARN_UNINITIALIZED_AUTOS = YES_AGGRESSIVE;
				GCC_WARN_UNUSED_FUNCTION = YES;
				GCC_WARN_UNUSED_VARIABLE = YES;
				IPHONEOS_DEPLOYMENT_TARGET = 12.1;
				MTL_ENABLE_DEBUG_INFO = INCLUDE_SOURCE;
				MTL_FAST_MATH = YES;
				ONLY_ACTIVE_ARCH = YES;
				SDKROOT = iphoneos;
				SWIFT_ACTIVE_COMPILATION_CONDITIONS = DEBUG;
				SWIFT_OPTIMIZATION_LEVEL = "-Onone";
			};
			name = Debug;
		};
		3737D0F421F30D6300014EDF /* Release */ = {
			isa = XCBuildConfiguration;
			buildSettings = {
				ALWAYS_SEARCH_USER_PATHS = NO;
				CLANG_ANALYZER_NONNULL = YES;
				CLANG_ANALYZER_NUMBER_OBJECT_CONVERSION = YES_AGGRESSIVE;
				CLANG_CXX_LANGUAGE_STANDARD = "gnu++14";
				CLANG_CXX_LIBRARY = "libc++";
				CLANG_ENABLE_MODULES = YES;
				CLANG_ENABLE_OBJC_ARC = YES;
				CLANG_ENABLE_OBJC_WEAK = YES;
				CLANG_WARN_BLOCK_CAPTURE_AUTORELEASING = YES;
				CLANG_WARN_BOOL_CONVERSION = YES;
				CLANG_WARN_COMMA = YES;
				CLANG_WARN_CONSTANT_CONVERSION = YES;
				CLANG_WARN_DEPRECATED_OBJC_IMPLEMENTATIONS = YES;
				CLANG_WARN_DIRECT_OBJC_ISA_USAGE = YES_ERROR;
				CLANG_WARN_DOCUMENTATION_COMMENTS = YES;
				CLANG_WARN_EMPTY_BODY = YES;
				CLANG_WARN_ENUM_CONVERSION = YES;
				CLANG_WARN_INFINITE_RECURSION = YES;
				CLANG_WARN_INT_CONVERSION = YES;
				CLANG_WARN_NON_LITERAL_NULL_CONVERSION = YES;
				CLANG_WARN_OBJC_IMPLICIT_RETAIN_SELF = YES;
				CLANG_WARN_OBJC_LITERAL_CONVERSION = YES;
				CLANG_WARN_OBJC_ROOT_CLASS = YES_ERROR;
				CLANG_WARN_RANGE_LOOP_ANALYSIS = YES;
				CLANG_WARN_STRICT_PROTOTYPES = YES;
				CLANG_WARN_SUSPICIOUS_MOVE = YES;
				CLANG_WARN_UNGUARDED_AVAILABILITY = YES_AGGRESSIVE;
				CLANG_WARN_UNREACHABLE_CODE = YES;
				CLANG_WARN__DUPLICATE_METHOD_MATCH = YES;
				CODE_SIGN_IDENTITY = "iPhone Developer";
				COPY_PHASE_STRIP = NO;
				DEBUG_INFORMATION_FORMAT = "dwarf-with-dsym";
				ENABLE_NS_ASSERTIONS = NO;
				ENABLE_STRICT_OBJC_MSGSEND = YES;
				GCC_C_LANGUAGE_STANDARD = gnu11;
				GCC_NO_COMMON_BLOCKS = YES;
				GCC_WARN_64_TO_32_BIT_CONVERSION = YES;
				GCC_WARN_ABOUT_RETURN_TYPE = YES_ERROR;
				GCC_WARN_UNDECLARED_SELECTOR = YES;
				GCC_WARN_UNINITIALIZED_AUTOS = YES_AGGRESSIVE;
				GCC_WARN_UNUSED_FUNCTION = YES;
				GCC_WARN_UNUSED_VARIABLE = YES;
				IPHONEOS_DEPLOYMENT_TARGET = 12.1;
				MTL_ENABLE_DEBUG_INFO = NO;
				MTL_FAST_MATH = YES;
				SDKROOT = iphoneos;
				SWIFT_COMPILATION_MODE = wholemodule;
				SWIFT_OPTIMIZATION_LEVEL = "-O";
				VALIDATE_PRODUCT = YES;
			};
			name = Release;
		};
		3737D0F621F30D6300014EDF /* Debug */ = {
			isa = XCBuildConfiguration;
			buildSettings = {
				ASSETCATALOG_COMPILER_APPICON_NAME = AppIcon;
				CODE_SIGN_STYLE = Automatic;
				DEVELOPMENT_TEAM = D87AGA62LJ;
				INFOPLIST_FILE = "Insta Spot/Info.plist";
				LD_RUNPATH_SEARCH_PATHS = (
					"$(inherited)",
					"@executable_path/Frameworks",
				);
				PRODUCT_BUNDLE_IDENTIFIER = "me.grigorii.Insta-Spot";
				PRODUCT_NAME = "$(TARGET_NAME)";
				SWIFT_VERSION = 4.2;
				TARGETED_DEVICE_FAMILY = "1,2";
			};
			name = Debug;
		};
		3737D0F721F30D6300014EDF /* Release */ = {
			isa = XCBuildConfiguration;
			buildSettings = {
				ASSETCATALOG_COMPILER_APPICON_NAME = AppIcon;
				CODE_SIGN_STYLE = Automatic;
				DEVELOPMENT_TEAM = D87AGA62LJ;
				INFOPLIST_FILE = "Insta Spot/Info.plist";
				LD_RUNPATH_SEARCH_PATHS = (
					"$(inherited)",
					"@executable_path/Frameworks",
				);
				PRODUCT_BUNDLE_IDENTIFIER = "me.grigorii.Insta-Spot";
				PRODUCT_NAME = "$(TARGET_NAME)";
				SWIFT_VERSION = 4.2;
				TARGETED_DEVICE_FAMILY = "1,2";
			};
			name = Release;
		};
/* End XCBuildConfiguration section */

/* Begin XCConfigurationList section */
		3737D0DB21F30D6200014EDF /* Build configuration list for PBXProject "Insta Spot" */ = {
			isa = XCConfigurationList;
			buildConfigurations = (
				3737D0F321F30D6300014EDF /* Debug */,
				3737D0F421F30D6300014EDF /* Release */,
			);
			defaultConfigurationIsVisible = 0;
			defaultConfigurationName = Release;
		};
		3737D0F521F30D6300014EDF /* Build configuration list for PBXNativeTarget "Insta Spot" */ = {
			isa = XCConfigurationList;
			buildConfigurations = (
				3737D0F621F30D6300014EDF /* Debug */,
				3737D0F721F30D6300014EDF /* Release */,
			);
			defaultConfigurationIsVisible = 0;
			defaultConfigurationName = Release;
		};
/* End XCConfigurationList section */

/* Begin XCVersionGroup section */
		3737D0EA21F30D6200014EDF /* Insta_Spot.xcdatamodeld */ = {
			isa = XCVersionGroup;
			children = (
				3737D0EB21F30D6200014EDF /* Insta_Spot.xcdatamodel */,
			);
			currentVersion = 3737D0EB21F30D6200014EDF /* Insta_Spot.xcdatamodel */;
			path = Insta_Spot.xcdatamodeld;
			sourceTree = "<group>";
			versionGroupType = wrapper.xcdatamodel;
		};
/* End XCVersionGroup section */
	};
	rootObject = 3737D0D821F30D6200014EDF /* Project object */;
}
